
Microsoft Visual Studio Solution File, Format Version 12.00
# Visual Studio Version 16
VisualStudioVersion = 16.0.31729.503
MinimumVisualStudioVersion = 10.0.40219.1
Project("{FAE04EC0-301F-11D3-BF4B-00C04F79EFBC}") = "wpfmaya", "wpfmaya.csproj", "{ACB70505-C21E-41D0-B301-3712C5DDF045}"
EndProject
Global
	GlobalSection(SolutionConfigurationPlatforms) = preSolution
		Debug|Any CPU = Debug|Any CPU
		Release|Any CPU = Release|Any CPU
	EndGlobalSection
	GlobalSection(ProjectConfigurationPlatforms) = postSolution
		{ACB70505-C21E-41D0-B301-3712C5DDF045}.Debug|Any CPU.ActiveCfg = Debug|Any CPU
		{ACB70505-C21E-41D0-B301-3712C5DDF045}.Debug|Any CPU.Build.0 = Debug|Any CPU
		{ACB70505-C21E-41D0-B301-3712C5DDF045}.Release|Any CPU.ActiveCfg = Release|Any CPU
		{ACB70505-C21E-41D0-B301-3712C5DDF045}.Release|Any CPU.Build.0 = Release|Any CPU
	EndGlobalSection
	GlobalSection(SolutionProperties) = preSolution
		HideSolutionNode = FALSE
	EndGlobalSection
	GlobalSection(ExtensibilityGlobals) = postSolution
		SolutionGuid = {A68CA697-6230-4353-942E-FC4F6304DCED}
	EndGlobalSection
EndGlobal
